// !$*UTF8*$!
{
	archiveVersion = 1;
	classes = {
	};
	objectVersion = 56;
	objects = {

/* Begin PBXBuildFile section */
		3021D5412A72D44400C2B618 /* ArtworkApp.swift in Sources */ = {isa = PBXBuildFile; fileRef = 3021D5402A72D44400C2B618 /* ArtworkApp.swift */; };
		3021D5432A72D44400C2B618 /* ContentView.swift in Sources */ = {isa = PBXBuildFile; fileRef = 3021D5422A72D44400C2B618 /* ContentView.swift */; };
		3021D5452A72D44600C2B618 /* Assets.xcassets in Resources */ = {isa = PBXBuildFile; fileRef = 3021D5442A72D44600C2B618 /* Assets.xcassets */; };
		3021D5482A72D44600C2B618 /* Preview Assets.xcassets in Resources */ = {isa = PBXBuildFile; fileRef = 3021D5472A72D44600C2B618 /* Preview Assets.xcassets */; };
		3021D5522A72D6EC00C2B618 /* Artwork.swift in Sources */ = {isa = PBXBuildFile; fileRef = 3021D5512A72D6EC00C2B618 /* Artwork.swift */; };
		3021D5542A72D96B00C2B618 /* ArtworkViewModel.swift in Sources */ = {isa = PBXBuildFile; fileRef = 3021D5532A72D96B00C2B618 /* ArtworkViewModel.swift */; };
		3021D5562A72F23500C2B618 /* ArtworkView.swift in Sources */ = {isa = PBXBuildFile; fileRef = 3021D5552A72F23500C2B618 /* ArtworkView.swift */; };
		3021D5582A72F7F900C2B618 /* ArtworkDetailView.swift in Sources */ = {isa = PBXBuildFile; fileRef = 3021D5572A72F7F900C2B618 /* ArtworkDetailView.swift */; };
/* End PBXBuildFile section */

/* Begin PBXFileReference section */
		3021D53D2A72D44400C2B618 /* Artwork.app */ = {isa = PBXFileReference; explicitFileType = wrapper.application; includeInIndex = 0; path = Artwork.app; sourceTree = BUILT_PRODUCTS_DIR; };
		3021D5402A72D44400C2B618 /* ArtworkApp.swift */ = {isa = PBXFileReference; lastKnownFileType = sourcecode.swift; path = ArtworkApp.swift; sourceTree = "<group>"; };
		3021D5422A72D44400C2B618 /* ContentView.swift */ = {isa = PBXFileReference; lastKnownFileType = sourcecode.swift; path = ContentView.swift; sourceTree = "<group>"; };
		3021D5442A72D44600C2B618 /* Assets.xcassets */ = {isa = PBXFileReference; lastKnownFileType = folder.assetcatalog; path = Assets.xcassets; sourceTree = "<group>"; };
		3021D5472A72D44600C2B618 /* Preview Assets.xcassets */ = {isa = PBXFileReference; lastKnownFileType = folder.assetcatalog; path = "Preview Assets.xcassets"; sourceTree = "<group>"; };
		3021D5512A72D6EC00C2B618 /* Artwork.swift */ = {isa = PBXFileReference; lastKnownFileType = sourcecode.swift; path = Artwork.swift; sourceTree = "<group>"; };
		3021D5532A72D96B00C2B618 /* ArtworkViewModel.swift */ = {isa = PBXFileReference; lastKnownFileType = sourcecode.swift; path = ArtworkViewModel.swift; sourceTree = "<group>"; };
		3021D5552A72F23500C2B618 /* ArtworkView.swift */ = {isa = PBXFileReference; lastKnownFileType = sourcecode.swift; path = ArtworkView.swift; sourceTree = "<group>"; };
		3021D5572A72F7F900C2B618 /* ArtworkDetailView.swift */ = {isa = PBXFileReference; lastKnownFileType = sourcecode.swift; path = ArtworkDetailView.swift; sourceTree = "<group>"; };
/* End PBXFileReference section */

/* Begin PBXFrameworksBuildPhase section */
		3021D53A2A72D44400C2B618 /* Frameworks */ = {
			isa = PBXFrameworksBuildPhase;
			buildActionMask = 2147483647;
			files = (
			);
			runOnlyForDeploymentPostprocessing = 0;
		};
/* End PBXFrameworksBuildPhase section */

/* Begin PBXGroup section */
		3021D5342A72D44400C2B618 = {
			isa = PBXGroup;
			children = (
				3021D53F2A72D44400C2B618 /* Artwork */,
				3021D53E2A72D44400C2B618 /* Products */,
			);
			sourceTree = "<group>";
		};
		3021D53E2A72D44400C2B618 /* Products */ = {
			isa = PBXGroup;
			children = (
				3021D53D2A72D44400C2B618 /* Artwork.app */,
			);
			name = Products;
			sourceTree = "<group>";
		};
		3021D53F2A72D44400C2B618 /* Artwork */ = {
			isa = PBXGroup;
			children = (
				3021D5502A72D46C00C2B618 /* Model */,
				3021D54F2A72D45D00C2B618 /* Views */,
				3021D54E2A72D45200C2B618 /* ViewModel */,
				3021D5402A72D44400C2B618 /* ArtworkApp.swift */,
				3021D5422A72D44400C2B618 /* ContentView.swift */,
				3021D5442A72D44600C2B618 /* Assets.xcassets */,
				3021D5462A72D44600C2B618 /* Preview Content */,
			);
			path = Artwork;
			sourceTree = "<group>";
		};
		3021D5462A72D44600C2B618 /* Preview Content */ = {
			isa = PBXGroup;
			children = (
				3021D5472A72D44600C2B618 /* Preview Assets.xcassets */,
			);
			path = "Preview Content";
			sourceTree = "<group>";
		};
		3021D54E2A72D45200C2B618 /* ViewModel */ = {
			isa = PBXGroup;
			children = (
				3021D5532A72D96B00C2B618 /* ArtworkViewModel.swift */,
			);
			path = ViewModel;
			sourceTree = "<group>";
		};
		3021D54F2A72D45D00C2B618 /* Views */ = {
			isa = PBXGroup;
			children = (
				3021D5552A72F23500C2B618 /* ArtworkView.swift */,
				3021D5572A72F7F900C2B618 /* ArtworkDetailView.swift */,
			);
			path = Views;
			sourceTree = "<group>";
		};
		3021D5502A72D46C00C2B618 /* Model */ = {
			isa = PBXGroup;
			children = (
				3021D5512A72D6EC00C2B618 /* Artwork.swift */,
			);
			path = Model;
			sourceTree = "<group>";
		};
/* End PBXGroup section */

/* Begin PBXNativeTarget section */
		3021D53C2A72D44400C2B618 /* Artwork */ = {
			isa = PBXNativeTarget;
			buildConfigurationList = 3021D54B2A72D44600C2B618 /* Build configuration list for PBXNativeTarget "Artwork" */;
			buildPhases = (
				3021D5392A72D44400C2B618 /* Sources */,
				3021D53A2A72D44400C2B618 /* Frameworks */,
				3021D53B2A72D44400C2B618 /* Resources */,
			);
			buildRules = (
			);
			dependencies = (
			);
			name = Artwork;
			productName = Artwork;
			productReference = 3021D53D2A72D44400C2B618 /* Artwork.app */;
			productType = "com.apple.product-type.application";
		};
/* End PBXNativeTarget section */

/* Begin PBXProject section */
		3021D5352A72D44400C2B618 /* Project object */ = {
			isa = PBXProject;
			attributes = {
				BuildIndependentTargetsInParallel = 1;
				LastSwiftUpdateCheck = 1430;
				LastUpgradeCheck = 1430;
				TargetAttributes = {
					3021D53C2A72D44400C2B618 = {
						CreatedOnToolsVersion = 14.3.1;
					};
				};
			};
			buildConfigurationList = 3021D5382A72D44400C2B618 /* Build configuration list for PBXProject "Artwork" */;
			compatibilityVersion = "Xcode 14.0";
			developmentRegion = en;
			hasScannedForEncodings = 0;
			knownRegions = (
				en,
				Base,
			);
			mainGroup = 3021D5342A72D44400C2B618;
			productRefGroup = 3021D53E2A72D44400C2B618 /* Products */;
			projectDirPath = "";
			projectRoot = "";
			targets = (
				3021D53C2A72D44400C2B618 /* Artwork */,
			);
		};
/* End PBXProject section */

/* Begin PBXResourcesBuildPhase section */
		3021D53B2A72D44400C2B618 /* Resources */ = {
			isa = PBXResourcesBuildPhase;
			buildActionMask = 2147483647;
			files = (
				3021D5482A72D44600C2B618 /* Preview Assets.xcassets in Resources */,
				3021D5452A72D44600C2B618 /* Assets.xcassets in Resources */,
			);
			runOnlyForDeploymentPostprocessing = 0;
		};
/* End PBXResourcesBuildPhase section */

/* Begin PBXSourcesBuildPhase section */
		3021D5392A72D44400C2B618 /* Sources */ = {
			isa = PBXSourcesBuildPhase;
			buildActionMask = 2147483647;
			files = (
				3021D5432A72D44400C2B618 /* ContentView.swift in Sources */,
				3021D5562A72F23500C2B618 /* ArtworkView.swift in Sources */,
				3021D5522A72D6EC00C2B618 /* Artwork.swift in Sources */,
				3021D5412A72D44400C2B618 /* ArtworkApp.swift in Sources */,
				3021D5582A72F7F900C2B618 /* ArtworkDetailView.swift in Sources */,
				3021D5542A72D96B00C2B618 /* ArtworkViewModel.swift in Sources */,
			);
			runOnlyForDeploymentPostprocessing = 0;
		};
/* End PBXSourcesBuildPhase section */

/* Begin XCBuildConfiguration section */
		3021D5492A72D44600C2B618 /* Debug */ = {
			isa = XCBuildConfiguration;
			buildSettings = {
				ALWAYS_SEARCH_USER_PATHS = NO;
				CLANG_ANALYZER_NONNULL = YES;
				CLANG_ANALYZER_NUMBER_OBJECT_CONVERSION = YES_AGGRESSIVE;
				CLANG_CXX_LANGUAGE_STANDARD = "gnu++20";
				CLANG_ENABLE_MODULES = YES;
				CLANG_ENABLE_OBJC_ARC = YES;
				CLANG_ENABLE_OBJC_WEAK = YES;
				CLANG_WARN_BLOCK_CAPTURE_AUTORELEASING = YES;
				CLANG_WARN_BOOL_CONVERSION = YES;
				CLANG_WARN_COMMA = YES;
				CLANG_WARN_CONSTANT_CONVERSION = YES;
				CLANG_WARN_DEPRECATED_OBJC_IMPLEMENTATIONS = YES;
				CLANG_WARN_DIRECT_OBJC_ISA_USAGE = YES_ERROR;
				CLANG_WARN_DOCUMENTATION_COMMENTS = YES;
				CLANG_WARN_EMPTY_BODY = YES;
				CLANG_WARN_ENUM_CONVERSION = YES;
				CLANG_WARN_INFINITE_RECURSION = YES;
				CLANG_WARN_INT_CONVERSION = YES;
				CLANG_WARN_NON_LITERAL_NULL_CONVERSION = YES;
				CLANG_WARN_OBJC_IMPLICIT_RETAIN_SELF = YES;
				CLANG_WARN_OBJC_LITERAL_CONVERSION = YES;
				CLANG_WARN_OBJC_ROOT_CLASS = YES_ERROR;
				CLANG_WARN_QUOTED_INCLUDE_IN_FRAMEWORK_HEADER = YES;
				CLANG_WARN_RANGE_LOOP_ANALYSIS = YES;
				CLANG_WARN_STRICT_PROTOTYPES = YES;
				CLANG_WARN_SUSPICIOUS_MOVE = YES;
				CLANG_WARN_UNGUARDED_AVAILABILITY = YES_AGGRESSIVE;
				CLANG_WARN_UNREACHABLE_CODE = YES;
				CLANG_WARN__DUPLICATE_METHOD_MATCH = YES;
				COPY_PHASE_STRIP = NO;
				DEBUG_INFORMATION_FORMAT = dwarf;
				ENABLE_STRICT_OBJC_MSGSEND = YES;
				ENABLE_TESTABILITY = YES;
				GCC_C_LANGUAGE_STANDARD = gnu11;
				GCC_DYNAMIC_NO_PIC = NO;
				GCC_NO_COMMON_BLOCKS = YES;
				GCC_OPTIMIZATION_LEVEL = 0;
				GCC_PREPROCESSOR_DEFINITIONS = (
					"DEBUG=1",
					"$(inherited)",
				);
				GCC_WARN_64_TO_32_BIT_CONVERSION = YES;
				GCC_WARN_ABOUT_RETURN_TYPE = YES_ERROR;
				GCC_WARN_UNDECLARED_SELECTOR = YES;
				GCC_WARN_UNINITIALIZED_AUTOS = YES_AGGRESSIVE;
				GCC_WARN_UNUSED_FUNCTION = YES;
				GCC_WARN_UNUSED_VARIABLE = YES;
				IPHONEOS_DEPLOYMENT_TARGET = 16.4;
				MTL_ENABLE_DEBUG_INFO = INCLUDE_SOURCE;
				MTL_FAST_MATH = YES;
				ONLY_ACTIVE_ARCH = YES;
				SDKROOT = iphoneos;
				SWIFT_ACTIVE_COMPILATION_CONDITIONS = DEBUG;
				SWIFT_OPTIMIZATION_LEVEL = "-Onone";
			};
			name = Debug;
		};
		3021D54A2A72D44600C2B618 /* Release */ = {
			isa = XCBuildConfiguration;
			buildSettings = {
				ALWAYS_SEARCH_USER_PATHS = NO;
				CLANG_ANALYZER_NONNULL = YES;
				CLANG_ANALYZER_NUMBER_OBJECT_CONVERSION = YES_AGGRESSIVE;
				CLANG_CXX_LANGUAGE_STANDARD = "gnu++20";
				CLANG_ENABLE_MODULES = YES;
				CLANG_ENABLE_OBJC_ARC = YES;
				CLANG_ENABLE_OBJC_WEAK = YES;
				CLANG_WARN_BLOCK_CAPTURE_AUTORELEASING = YES;
				CLANG_WARN_BOOL_CONVERSION = YES;
				CLANG_WARN_COMMA = YES;
				CLANG_WARN_CONSTANT_CONVERSION = YES;
				CLANG_WARN_DEPRECATED_OBJC_IMPLEMENTATIONS = YES;
				CLANG_WARN_DIRECT_OBJC_ISA_USAGE = YES_ERROR;
				CLANG_WARN_DOCUMENTATION_COMMENTS = YES;
				CLANG_WARN_EMPTY_BODY = YES;
				CLANG_WARN_ENUM_CONVERSION = YES;
				CLANG_WARN_INFINITE_RECURSION = YES;
				CLANG_WARN_INT_CONVERSION = YES;
				CLANG_WARN_NON_LITERAL_NULL_CONVERSION = YES;
				CLANG_WARN_OBJC_IMPLICIT_RETAIN_SELF = YES;
				CLANG_WARN_OBJC_LITERAL_CONVERSION = YES;
				CLANG_WARN_OBJC_ROOT_CLASS = YES_ERROR;
				CLANG_WARN_QUOTED_INCLUDE_IN_FRAMEWORK_HEADER = YES;
				CLANG_WARN_RANGE_LOOP_ANALYSIS = YES;
				CLANG_WARN_STRICT_PROTOTYPES = YES;
				CLANG_WARN_SUSPICIOUS_MOVE = YES;
				CLANG_WARN_UNGUARDED_AVAILABILITY = YES_AGGRESSIVE;
				CLANG_WARN_UNREACHABLE_CODE = YES;
				CLANG_WARN__DUPLICATE_METHOD_MATCH = YES;
				COPY_PHASE_STRIP = NO;
				DEBUG_INFORMATION_FORMAT = "dwarf-with-dsym";
				ENABLE_NS_ASSERTIONS = NO;
				ENABLE_STRICT_OBJC_MSGSEND = YES;
				GCC_C_LANGUAGE_STANDARD = gnu11;
				GCC_NO_COMMON_BLOCKS = YES;
				GCC_WARN_64_TO_32_BIT_CONVERSION = YES;
				GCC_WARN_ABOUT_RETURN_TYPE = YES_ERROR;
				GCC_WARN_UNDECLARED_SELECTOR = YES;
				GCC_WARN_UNINITIALIZED_AUTOS = YES_AGGRESSIVE;
				GCC_WARN_UNUSED_FUNCTION = YES;
				GCC_WARN_UNUSED_VARIABLE = YES;
				IPHONEOS_DEPLOYMENT_TARGET = 16.4;
				MTL_ENABLE_DEBUG_INFO = NO;
				MTL_FAST_MATH = YES;
				SDKROOT = iphoneos;
				SWIFT_COMPILATION_MODE = wholemodule;
				SWIFT_OPTIMIZATION_LEVEL = "-O";
				VALIDATE_PRODUCT = YES;
			};
			name = Release;
		};
		3021D54C2A72D44600C2B618 /* Debug */ = {
			isa = XCBuildConfiguration;
			buildSettings = {
				ASSETCATALOG_COMPILER_APPICON_NAME = AppIcon;
				ASSETCATALOG_COMPILER_GLOBAL_ACCENT_COLOR_NAME = AccentColor;
				CODE_SIGN_STYLE = Automatic;
				CURRENT_PROJECT_VERSION = 1;
				DEVELOPMENT_ASSET_PATHS = "\"Artwork/Preview Content\"";
				DEVELOPMENT_TEAM = N3E5MM8C9V;
				ENABLE_PREVIEWS = YES;
				GENERATE_INFOPLIST_FILE = YES;
				INFOPLIST_KEY_UIApplicationSceneManifest_Generation = YES;
				INFOPLIST_KEY_UIApplicationSupportsIndirectInputEvents = YES;
				INFOPLIST_KEY_UILaunchScreen_Generation = YES;
				INFOPLIST_KEY_UISupportedInterfaceOrientations_iPad = "UIInterfaceOrientationPortrait UIInterfaceOrientationPortraitUpsideDown UIInterfaceOrientationLandscapeLeft UIInterfaceOrientationLandscapeRight";
				INFOPLIST_KEY_UISupportedInterfaceOrientations_iPhone = "UIInterfaceOrientationPortrait UIInterfaceOrientationLandscapeLeft UIInterfaceOrientationLandscapeRight";
				LD_RUNPATH_SEARCH_PATHS = (
					"$(inherited)",
					"@executable_path/Frameworks",
				);
				MARKETING_VERSION = 1.0;
				PRODUCT_BUNDLE_IDENTIFIER = com.ramarparham.Artwork;
				PRODUCT_NAME = "$(TARGET_NAME)";
				SWIFT_EMIT_LOC_STRINGS = YES;
				SWIFT_VERSION = 5.0;
				TARGETED_DEVICE_FAMILY = "1,2";
			};
			name = Debug;
		};
		3021D54D2A72D44600C2B618 /* Release */ = {
			isa = XCBuildConfiguration;
			buildSettings = {
				ASSETCATALOG_COMPILER_APPICON_NAME = AppIcon;
				ASSETCATALOG_COMPILER_GLOBAL_ACCENT_COLOR_NAME = AccentColor;
				CODE_SIGN_STYLE = Automatic;
				CURRENT_PROJECT_VERSION = 1;
				DEVELOPMENT_ASSET_PATHS = "\"Artwork/Preview Content\"";
				DEVELOPMENT_TEAM = N3E5MM8C9V;
				ENABLE_PREVIEWS = YES;
				GENERATE_INFOPLIST_FILE = YES;
				INFOPLIST_KEY_UIApplicationSceneManifest_Generation = YES;
				INFOPLIST_KEY_UIApplicationSupportsIndirectInputEvents = YES;
				INFOPLIST_KEY_UILaunchScreen_Generation = YES;
				INFOPLIST_KEY_UISupportedInterfaceOrientations_iPad = "UIInterfaceOrientationPortrait UIInterfaceOrientationPortraitUpsideDown UIInterfaceOrientationLandscapeLeft UIInterfaceOrientationLandscapeRight";
				INFOPLIST_KEY_UISupportedInterfaceOrientations_iPhone = "UIInterfaceOrientationPortrait UIInterfaceOrientationLandscapeLeft UIInterfaceOrientationLandscapeRight";
				LD_RUNPATH_SEARCH_PATHS = (
					"$(inherited)",
					"@executable_path/Frameworks",
				);
				MARKETING_VERSION = 1.0;
				PRODUCT_BUNDLE_IDENTIFIER = com.ramarparham.Artwork;
				PRODUCT_NAME = "$(TARGET_NAME)";
				SWIFT_EMIT_LOC_STRINGS = YES;
				SWIFT_VERSION = 5.0;
				TARGETED_DEVICE_FAMILY = "1,2";
			};
			name = Release;
		};
/* End XCBuildConfiguration section */

/* Begin XCConfigurationList section */
		3021D5382A72D44400C2B618 /* Build configuration list for PBXProject "Artwork" */ = {
			isa = XCConfigurationList;
			buildConfigurations = (
				3021D5492A72D44600C2B618 /* Debug */,
				3021D54A2A72D44600C2B618 /* Release */,
			);
			defaultConfigurationIsVisible = 0;
			defaultConfigurationName = Release;
		};
		3021D54B2A72D44600C2B618 /* Build configuration list for PBXNativeTarget "Artwork" */ = {
			isa = XCConfigurationList;
			buildConfigurations = (
				3021D54C2A72D44600C2B618 /* Debug */,
				3021D54D2A72D44600C2B618 /* Release */,
			);
			defaultConfigurationIsVisible = 0;
			defaultConfigurationName = Release;
		};
/* End XCConfigurationList section */
	};
	rootObject = 3021D5352A72D44400C2B618 /* Project object */;
}
